
Microsoft Visual Studio Solution File, Format Version 12.00
# Visual Studio 2012
Project("{FAE04EC0-301F-11D3-BF4B-00C04F79EFBC}") = "Lab07", "Lab07\Lab07.csproj", "{A77B1F01-D213-4964-ADBA-A3DA35A84C56}"
EndProject
Global
	GlobalSection(SolutionConfigurationPlatforms) = preSolution
		Debug|Any CPU = Debug|Any CPU
		Release|Any CPU = Release|Any CPU
	EndGlobalSection
	GlobalSection(ProjectConfigurationPlatforms) = postSolution
		{A77B1F01-D213-4964-ADBA-A3DA35A84C56}.Debug|Any CPU.ActiveCfg = Debug|Any CPU
		{A77B1F01-D213-4964-ADBA-A3DA35A84C56}.Debug|Any CPU.Build.0 = Debug|Any CPU
		{A77B1F01-D213-4964-ADBA-A3DA35A84C56}.Release|Any CPU.ActiveCfg = Release|Any CPU
		{A77B1F01-D213-4964-ADBA-A3DA35A84C56}.Release|Any CPU.Build.0 = Release|Any CPU
	EndGlobalSection
EndGlobal
